
Microsoft Visual Studio Solution File, Format Version 12.00
# Visual Studio Version 17
VisualStudioVersion = 17.2.32505.173
MinimumVisualStudioVersion = 10.0.40219.1
Project("{FAE04EC0-301F-11D3-BF4B-00C04F79EFBC}") = "HotmartAPI", "HotmartAPI\HotmartAPI.csproj", "{E4C4F3CF-4A9F-43BF-A8DA-222B16CC27FD}"
EndProject
Global
	GlobalSection(SolutionConfigurationPlatforms) = preSolution
		Debug|Any CPU = Debug|Any CPU
		Release|Any CPU = Release|Any CPU
	EndGlobalSection
	GlobalSection(ProjectConfigurationPlatforms) = postSolution
		{E4C4F3CF-4A9F-43BF-A8DA-222B16CC27FD}.Debug|Any CPU.ActiveCfg = Debug|Any CPU
		{E4C4F3CF-4A9F-43BF-A8DA-222B16CC27FD}.Debug|Any CPU.Build.0 = Debug|Any CPU
		{E4C4F3CF-4A9F-43BF-A8DA-222B16CC27FD}.Release|Any CPU.ActiveCfg = Release|Any CPU
		{E4C4F3CF-4A9F-43BF-A8DA-222B16CC27FD}.Release|Any CPU.Build.0 = Release|Any CPU
	EndGlobalSection
	GlobalSection(SolutionProperties) = preSolution
		HideSolutionNode = FALSE
	EndGlobalSection
	GlobalSection(ExtensibilityGlobals) = postSolution
		SolutionGuid = {C568CE2E-E5BE-4388-92F4-637B98FCD903}
	EndGlobalSection
EndGlobal
